// !$*UTF8*$!
{
	archiveVersion = 1;
	classes = {
	};
	objectVersion = 46;
	objects = {

/* Begin PBXBuildFile section */
		45BB405E3DD9BF5DF8EAC963 /* libPods-MiaoShow.a in Frameworks */ = {isa = PBXBuildFile; fileRef = BC7C693381562A2E178364FD /* libPods-MiaoShow.a */; };
		7B0BCE121F271F3B0003F37B /* HomeViewController.m in Sources */ = {isa = PBXBuildFile; fileRef = 7B0BCE111F271F3B0003F37B /* HomeViewController.m */; };
		7B0BCE151F2721760003F37B /* ALinConstant.m in Sources */ = {isa = PBXBuildFile; fileRef = 7B0BCE141F2721760003F37B /* ALinConstant.m */; };
		7B10C1B31F0E1A8C00F0B158 /* main.m in Sources */ = {isa = PBXBuildFile; fileRef = 7B10C1B21F0E1A8C00F0B158 /* main.m */; };
		7B10C1B61F0E1A8C00F0B158 /* AppDelegate.m in Sources */ = {isa = PBXBuildFile; fileRef = 7B10C1B51F0E1A8C00F0B158 /* AppDelegate.m */; };
		7B10C1B91F0E1A8C00F0B158 /* ViewController.m in Sources */ = {isa = PBXBuildFile; fileRef = 7B10C1B81F0E1A8C00F0B158 /* ViewController.m */; };
		7B10C1BC1F0E1A8C00F0B158 /* Main.storyboard in Resources */ = {isa = PBXBuildFile; fileRef = 7B10C1BA1F0E1A8C00F0B158 /* Main.storyboard */; };
		7B10C1BE1F0E1A8C00F0B158 /* Assets.xcassets in Resources */ = {isa = PBXBuildFile; fileRef = 7B10C1BD1F0E1A8C00F0B158 /* Assets.xcassets */; };
		7B10C1C11F0E1A8C00F0B158 /* LaunchScreen.storyboard in Resources */ = {isa = PBXBuildFile; fileRef = 7B10C1BF1F0E1A8C00F0B158 /* LaunchScreen.storyboard */; };
		7B10C1CC1F0E1A8C00F0B158 /* MiaoShowTests.m in Sources */ = {isa = PBXBuildFile; fileRef = 7B10C1CB1F0E1A8C00F0B158 /* MiaoShowTests.m */; };
		7B10C1D71F0E1A8C00F0B158 /* MiaoShowUITests.m in Sources */ = {isa = PBXBuildFile; fileRef = 7B10C1D61F0E1A8C00F0B158 /* MiaoShowUITests.m */; };
		7B10C1F11F0E203800F0B158 /* IJKMediaFramework.framework in Frameworks */ = {isa = PBXBuildFile; fileRef = 7B10C1F01F0E203800F0B158 /* IJKMediaFramework.framework */; };
		7B10C1F71F0E226B00F0B158 /* danmu.plist in Resources */ = {isa = PBXBuildFile; fileRef = 7B10C1F21F0E226B00F0B158 /* danmu.plist */; };
		7B10C1F81F0E226B00F0B158 /* login_video.mp4 in Resources */ = {isa = PBXBuildFile; fileRef = 7B10C1F31F0E226B00F0B158 /* login_video.mp4 */; };
		7B10C1F91F0E226B00F0B158 /* loginmovie.mp4 in Resources */ = {isa = PBXBuildFile; fileRef = 7B10C1F41F0E226B00F0B158 /* loginmovie.mp4 */; };
		7B10C1FA1F0E226B00F0B158 /* user.plist in Resources */ = {isa = PBXBuildFile; fileRef = 7B10C1F61F0E226B00F0B158 /* user.plist */; };
		7B10C1FE1F0E23DA00F0B158 /* ProfileController.m in Sources */ = {isa = PBXBuildFile; fileRef = 7B10C1FD1F0E23DA00F0B158 /* ProfileController.m */; };
		7B10C2011F0E23F900F0B158 /* Reachability.m in Sources */ = {isa = PBXBuildFile; fileRef = 7B10C2001F0E23F900F0B158 /* Reachability.m */; };
		7B10C2041F0E28E400F0B158 /* ALinNetworkTool.m in Sources */ = {isa = PBXBuildFile; fileRef = 7B10C2031F0E28E400F0B158 /* ALinNetworkTool.m */; };
		7BC9DEDD1F0F2B1F007AB4E0 /* MainViewController.m in Sources */ = {isa = PBXBuildFile; fileRef = 7BC9DEDC1F0F2B1F007AB4E0 /* MainViewController.m */; };
		7BC9DEE01F0F31D6007AB4E0 /* ALinNavigationController.m in Sources */ = {isa = PBXBuildFile; fileRef = 7BC9DEDF1F0F31D6007AB4E0 /* ALinNavigationController.m */; };
		7BC9DEE31F0F320A007AB4E0 /* ThirdLoginView.m in Sources */ = {isa = PBXBuildFile; fileRef = 7BC9DEE21F0F320A007AB4E0 /* ThirdLoginView.m */; };
		7BC9DEE61F0F36BB007AB4E0 /* LoginViewController.m in Sources */ = {isa = PBXBuildFile; fileRef = 7BC9DEE51F0F36BB007AB4E0 /* LoginViewController.m */; };
/* End PBXBuildFile section */

/* Begin PBXContainerItemProxy section */
		7B10C1C81F0E1A8C00F0B158 /* PBXContainerItemProxy */ = {
			isa = PBXContainerItemProxy;
			containerPortal = 7B10C1A61F0E1A8C00F0B158 /* Project object */;
			proxyType = 1;
			remoteGlobalIDString = 7B10C1AD1F0E1A8C00F0B158;
			remoteInfo = MiaoShow;
		};
		7B10C1D31F0E1A8C00F0B158 /* PBXContainerItemProxy */ = {
			isa = PBXContainerItemProxy;
			containerPortal = 7B10C1A61F0E1A8C00F0B158 /* Project object */;
			proxyType = 1;
			remoteGlobalIDString = 7B10C1AD1F0E1A8C00F0B158;
			remoteInfo = MiaoShow;
		};
/* End PBXContainerItemProxy section */

/* Begin PBXFileReference section */
		7B0BCE101F271F3B0003F37B /* HomeViewController.h */ = {isa = PBXFileReference; fileEncoding = 4; lastKnownFileType = sourcecode.c.h; path = HomeViewController.h; sourceTree = "<group>"; };
		7B0BCE111F271F3B0003F37B /* HomeViewController.m */ = {isa = PBXFileReference; fileEncoding = 4; lastKnownFileType = sourcecode.c.objc; path = HomeViewController.m; sourceTree = "<group>"; };
		7B0BCE131F2721760003F37B /* ALinConstant.h */ = {isa = PBXFileReference; fileEncoding = 4; lastKnownFileType = sourcecode.c.h; path = ALinConstant.h; sourceTree = "<group>"; };
		7B0BCE141F2721760003F37B /* ALinConstant.m */ = {isa = PBXFileReference; fileEncoding = 4; lastKnownFileType = sourcecode.c.objc; path = ALinConstant.m; sourceTree = "<group>"; };
		7B10C1AE1F0E1A8C00F0B158 /* MiaoShow.app */ = {isa = PBXFileReference; explicitFileType = wrapper.application; includeInIndex = 0; path = MiaoShow.app; sourceTree = BUILT_PRODUCTS_DIR; };
		7B10C1B21F0E1A8C00F0B158 /* main.m */ = {isa = PBXFileReference; lastKnownFileType = sourcecode.c.objc; path = main.m; sourceTree = "<group>"; };
		7B10C1B41F0E1A8C00F0B158 /* AppDelegate.h */ = {isa = PBXFileReference; lastKnownFileType = sourcecode.c.h; path = AppDelegate.h; sourceTree = "<group>"; };
		7B10C1B51F0E1A8C00F0B158 /* AppDelegate.m */ = {isa = PBXFileReference; lastKnownFileType = sourcecode.c.objc; path = AppDelegate.m; sourceTree = "<group>"; };
		7B10C1B71F0E1A8C00F0B158 /* ViewController.h */ = {isa = PBXFileReference; lastKnownFileType = sourcecode.c.h; path = ViewController.h; sourceTree = "<group>"; };
		7B10C1B81F0E1A8C00F0B158 /* ViewController.m */ = {isa = PBXFileReference; lastKnownFileType = sourcecode.c.objc; path = ViewController.m; sourceTree = "<group>"; };
		7B10C1BB1F0E1A8C00F0B158 /* Base */ = {isa = PBXFileReference; lastKnownFileType = file.storyboard; name = Base; path = Base.lproj/Main.storyboard; sourceTree = "<group>"; };
		7B10C1BD1F0E1A8C00F0B158 /* Assets.xcassets */ = {isa = PBXFileReference; lastKnownFileType = folder.assetcatalog; path = Assets.xcassets; sourceTree = "<group>"; };
		7B10C1C01F0E1A8C00F0B158 /* Base */ = {isa = PBXFileReference; lastKnownFileType = file.storyboard; name = Base; path = Base.lproj/LaunchScreen.storyboard; sourceTree = "<group>"; };
		7B10C1C21F0E1A8C00F0B158 /* Info.plist */ = {isa = PBXFileReference; lastKnownFileType = text.plist.xml; path = Info.plist; sourceTree = "<group>"; };
		7B10C1C71F0E1A8C00F0B158 /* MiaoShowTests.xctest */ = {isa = PBXFileReference; explicitFileType = wrapper.cfbundle; includeInIndex = 0; path = MiaoShowTests.xctest; sourceTree = BUILT_PRODUCTS_DIR; };
		7B10C1CB1F0E1A8C00F0B158 /* MiaoShowTests.m */ = {isa = PBXFileReference; lastKnownFileType = sourcecode.c.objc; path = MiaoShowTests.m; sourceTree = "<group>"; };
		7B10C1CD1F0E1A8C00F0B158 /* Info.plist */ = {isa = PBXFileReference; lastKnownFileType = text.plist.xml; path = Info.plist; sourceTree = "<group>"; };
		7B10C1D21F0E1A8C00F0B158 /* MiaoShowUITests.xctest */ = {isa = PBXFileReference; explicitFileType = wrapper.cfbundle; includeInIndex = 0; path = MiaoShowUITests.xctest; sourceTree = BUILT_PRODUCTS_DIR; };
		7B10C1D61F0E1A8C00F0B158 /* MiaoShowUITests.m */ = {isa = PBXFileReference; lastKnownFileType = sourcecode.c.objc; path = MiaoShowUITests.m; sourceTree = "<group>"; };
		7B10C1D81F0E1A8C00F0B158 /* Info.plist */ = {isa = PBXFileReference; lastKnownFileType = text.plist.xml; path = Info.plist; sourceTree = "<group>"; };
		7B10C1F01F0E203800F0B158 /* IJKMediaFramework.framework */ = {isa = PBXFileReference; lastKnownFileType = wrapper.framework; path = IJKMediaFramework.framework; sourceTree = "<group>"; };
		7B10C1F21F0E226B00F0B158 /* danmu.plist */ = {isa = PBXFileReference; fileEncoding = 4; lastKnownFileType = text.plist.xml; path = danmu.plist; sourceTree = "<group>"; };
		7B10C1F31F0E226B00F0B158 /* login_video.mp4 */ = {isa = PBXFileReference; lastKnownFileType = file; path = login_video.mp4; sourceTree = "<group>"; };
		7B10C1F41F0E226B00F0B158 /* loginmovie.mp4 */ = {isa = PBXFileReference; lastKnownFileType = file; path = loginmovie.mp4; sourceTree = "<group>"; };
		7B10C1F51F0E226B00F0B158 /* PrefixHeader.pch */ = {isa = PBXFileReference; fileEncoding = 4; lastKnownFileType = sourcecode.c.h; path = PrefixHeader.pch; sourceTree = "<group>"; };
		7B10C1F61F0E226B00F0B158 /* user.plist */ = {isa = PBXFileReference; fileEncoding = 4; lastKnownFileType = text.plist.xml; path = user.plist; sourceTree = "<group>"; };
		7B10C1FC1F0E23DA00F0B158 /* ProfileController.h */ = {isa = PBXFileReference; fileEncoding = 4; lastKnownFileType = sourcecode.c.h; path = ProfileController.h; sourceTree = "<group>"; };
		7B10C1FD1F0E23DA00F0B158 /* ProfileController.m */ = {isa = PBXFileReference; fileEncoding = 4; lastKnownFileType = sourcecode.c.objc; path = ProfileController.m; sourceTree = "<group>"; };
		7B10C1FF1F0E23F900F0B158 /* Reachability.h */ = {isa = PBXFileReference; fileEncoding = 4; lastKnownFileType = sourcecode.c.h; path = Reachability.h; sourceTree = "<group>"; };
		7B10C2001F0E23F900F0B158 /* Reachability.m */ = {isa = PBXFileReference; fileEncoding = 4; lastKnownFileType = sourcecode.c.objc; path = Reachability.m; sourceTree = "<group>"; };
		7B10C2021F0E28E400F0B158 /* ALinNetworkTool.h */ = {isa = PBXFileReference; fileEncoding = 4; lastKnownFileType = sourcecode.c.h; path = ALinNetworkTool.h; sourceTree = "<group>"; };
		7B10C2031F0E28E400F0B158 /* ALinNetworkTool.m */ = {isa = PBXFileReference; fileEncoding = 4; lastKnownFileType = sourcecode.c.objc; path = ALinNetworkTool.m; sourceTree = "<group>"; };
		7BC9DEDB1F0F2B1F007AB4E0 /* MainViewController.h */ = {isa = PBXFileReference; fileEncoding = 4; lastKnownFileType = sourcecode.c.h; path = MainViewController.h; sourceTree = "<group>"; };
		7BC9DEDC1F0F2B1F007AB4E0 /* MainViewController.m */ = {isa = PBXFileReference; fileEncoding = 4; lastKnownFileType = sourcecode.c.objc; path = MainViewController.m; sourceTree = "<group>"; };
		7BC9DEDE1F0F31D6007AB4E0 /* ALinNavigationController.h */ = {isa = PBXFileReference; fileEncoding = 4; lastKnownFileType = sourcecode.c.h; path = ALinNavigationController.h; sourceTree = "<group>"; };
		7BC9DEDF1F0F31D6007AB4E0 /* ALinNavigationController.m */ = {isa = PBXFileReference; fileEncoding = 4; lastKnownFileType = sourcecode.c.objc; path = ALinNavigationController.m; sourceTree = "<group>"; };
		7BC9DEE11F0F320A007AB4E0 /* ThirdLoginView.h */ = {isa = PBXFileReference; fileEncoding = 4; lastKnownFileType = sourcecode.c.h; path = ThirdLoginView.h; sourceTree = "<group>"; };
		7BC9DEE21F0F320A007AB4E0 /* ThirdLoginView.m */ = {isa = PBXFileReference; fileEncoding = 4; lastKnownFileType = sourcecode.c.objc; path = ThirdLoginView.m; sourceTree = "<group>"; };
		7BC9DEE41F0F36BB007AB4E0 /* LoginViewController.h */ = {isa = PBXFileReference; fileEncoding = 4; lastKnownFileType = sourcecode.c.h; path = LoginViewController.h; sourceTree = "<group>"; };
		7BC9DEE51F0F36BB007AB4E0 /* LoginViewController.m */ = {isa = PBXFileReference; fileEncoding = 4; lastKnownFileType = sourcecode.c.objc; path = LoginViewController.m; sourceTree = "<group>"; };
		BC7C693381562A2E178364FD /* libPods-MiaoShow.a */ = {isa = PBXFileReference; explicitFileType = archive.ar; includeInIndex = 0; path = "libPods-MiaoShow.a"; sourceTree = BUILT_PRODUCTS_DIR; };
		E68AFF53D80BD6B62082A6AA /* Pods-MiaoShow.debug.xcconfig */ = {isa = PBXFileReference; includeInIndex = 1; lastKnownFileType = text.xcconfig; name = "Pods-MiaoShow.debug.xcconfig"; path = "Pods/Target Support Files/Pods-MiaoShow/Pods-MiaoShow.debug.xcconfig"; sourceTree = "<group>"; };
		F0130D725907EEC0FB11255C /* Pods-MiaoShow.release.xcconfig */ = {isa = PBXFileReference; includeInIndex = 1; lastKnownFileType = text.xcconfig; name = "Pods-MiaoShow.release.xcconfig"; path = "Pods/Target Support Files/Pods-MiaoShow/Pods-MiaoShow.release.xcconfig"; sourceTree = "<group>"; };
/* End PBXFileReference section */

/* Begin PBXFrameworksBuildPhase section */
		7B10C1AB1F0E1A8C00F0B158 /* Frameworks */ = {
			isa = PBXFrameworksBuildPhase;
			buildActionMask = 2147483647;
			files = (
				45BB405E3DD9BF5DF8EAC963 /* libPods-MiaoShow.a in Frameworks */,
				7B10C1F11F0E203800F0B158 /* IJKMediaFramework.framework in Frameworks */,
			);
			runOnlyForDeploymentPostprocessing = 0;
		};
		7B10C1C41F0E1A8C00F0B158 /* Frameworks */ = {
			isa = PBXFrameworksBuildPhase;
			buildActionMask = 2147483647;
			files = (
			);
			runOnlyForDeploymentPostprocessing = 0;
		};
		7B10C1CF1F0E1A8C00F0B158 /* Frameworks */ = {
			isa = PBXFrameworksBuildPhase;
			buildActionMask = 2147483647;
			files = (
			);
			runOnlyForDeploymentPostprocessing = 0;
		};
/* End PBXFrameworksBuildPhase section */

/* Begin PBXGroup section */
		106A3C20B990714B3C8F722D /* Pods */ = {
			isa = PBXGroup;
			children = (
				E68AFF53D80BD6B62082A6AA /* Pods-MiaoShow.debug.xcconfig */,
				F0130D725907EEC0FB11255C /* Pods-MiaoShow.release.xcconfig */,
			);
			name = Pods;
			sourceTree = "<group>";
		};
		7B0BCE061F271E5B0003F37B /* Care */ = {
			isa = PBXGroup;
			children = (
			);
			path = Care;
			sourceTree = "<group>";
		};
		7B0BCE071F271E5B0003F37B /* Home */ = {
			isa = PBXGroup;
			children = (
				7B0BCE0F1F271F160003F37B /* Controller */,
				7B0BCE0D1F271EC40003F37B /* Model */,
				7B0BCE0C1F271EC10003F37B /* View */,
			);
			path = Home;
			sourceTree = "<group>";
		};
		7B0BCE081F271E5B0003F37B /* Hot */ = {
			isa = PBXGroup;
			children = (
			);
			path = Hot;
			sourceTree = "<group>";
		};
		7B0BCE091F271E5B0003F37B /* Live */ = {
			isa = PBXGroup;
			children = (
			);
			path = Live;
			sourceTree = "<group>";
		};
		7B0BCE0A1F271E5B0003F37B /* New */ = {
			isa = PBXGroup;
			children = (
			);
			path = New;
			sourceTree = "<group>";
		};
		7B0BCE0B1F271E5B0003F37B /* Web */ = {
			isa = PBXGroup;
			children = (
			);
			path = Web;
			sourceTree = "<group>";
		};
		7B0BCE0C1F271EC10003F37B /* View */ = {
			isa = PBXGroup;
			children = (
			);
			name = View;
			sourceTree = "<group>";
		};
		7B0BCE0D1F271EC40003F37B /* Model */ = {
			isa = PBXGroup;
			children = (
			);
			name = Model;
			sourceTree = "<group>";
		};
		7B0BCE0F1F271F160003F37B /* Controller */ = {
			isa = PBXGroup;
			children = (
				7B0BCE101F271F3B0003F37B /* HomeViewController.h */,
				7B0BCE111F271F3B0003F37B /* HomeViewController.m */,
			);
			name = Controller;
			sourceTree = "<group>";
		};
		7B10C1A51F0E1A8C00F0B158 = {
			isa = PBXGroup;
			children = (
				7B10C1B01F0E1A8C00F0B158 /* MiaoShow */,
				7B10C1CA1F0E1A8C00F0B158 /* MiaoShowTests */,
				7B10C1D51F0E1A8C00F0B158 /* MiaoShowUITests */,
				7B10C1AF1F0E1A8C00F0B158 /* Products */,
				106A3C20B990714B3C8F722D /* Pods */,
				E32F68B65F5E436C9E9A5857 /* Frameworks */,
			);
			sourceTree = "<group>";
		};
		7B10C1AF1F0E1A8C00F0B158 /* Products */ = {
			isa = PBXGroup;
			children = (
				7B10C1AE1F0E1A8C00F0B158 /* MiaoShow.app */,
				7B10C1C71F0E1A8C00F0B158 /* MiaoShowTests.xctest */,
				7B10C1D21F0E1A8C00F0B158 /* MiaoShowUITests.xctest */,
			);
			name = Products;
			sourceTree = "<group>";
		};
		7B10C1B01F0E1A8C00F0B158 /* MiaoShow */ = {
			isa = PBXGroup;
			children = (
				7B10C1B41F0E1A8C00F0B158 /* AppDelegate.h */,
				7B10C1B51F0E1A8C00F0B158 /* AppDelegate.m */,
				7B10C1E51F0E1FE300F0B158 /* Classes */,
				7B10C1B71F0E1A8C00F0B158 /* ViewController.h */,
				7B10C1B81F0E1A8C00F0B158 /* ViewController.m */,
				7B10C1BD1F0E1A8C00F0B158 /* Assets.xcassets */,
				7B10C1BA1F0E1A8C00F0B158 /* Main.storyboard */,
				7B10C1BF1F0E1A8C00F0B158 /* LaunchScreen.storyboard */,
				7B10C1C21F0E1A8C00F0B158 /* Info.plist */,
				7B10C1B11F0E1A8C00F0B158 /* Supporting Files */,
			);
			path = MiaoShow;
			sourceTree = "<group>";
		};
		7B10C1B11F0E1A8C00F0B158 /* Supporting Files */ = {
			isa = PBXGroup;
			children = (
				7B10C1B21F0E1A8C00F0B158 /* main.m */,
			);
			name = "Supporting Files";
			sourceTree = "<group>";
		};
		7B10C1CA1F0E1A8C00F0B158 /* MiaoShowTests */ = {
			isa = PBXGroup;
			children = (
				7B10C1CB1F0E1A8C00F0B158 /* MiaoShowTests.m */,
				7B10C1CD1F0E1A8C00F0B158 /* Info.plist */,
			);
			path = MiaoShowTests;
			sourceTree = "<group>";
		};
		7B10C1D51F0E1A8C00F0B158 /* MiaoShowUITests */ = {
			isa = PBXGroup;
			children = (
				7B10C1D61F0E1A8C00F0B158 /* MiaoShowUITests.m */,
				7B10C1D81F0E1A8C00F0B158 /* Info.plist */,
			);
			path = MiaoShowUITests;
			sourceTree = "<group>";
		};
		7B10C1E51F0E1FE300F0B158 /* Classes */ = {
			isa = PBXGroup;
			children = (
				7B10C1E61F0E1FE300F0B158 /* Frameworks */,
				7B10C1EC1F0E1FE300F0B158 /* Profile */,
				7B10C1EA1F0E1FE300F0B158 /* Network */,
				7B10C1EB1F0E1FE300F0B158 /* Other */,
				7B10C1E71F0E1FE300F0B158 /* Home */,
				7B10C1EE1F0E1FE300F0B158 /* ShowTime */,
				7B10C1E91F0E1FE300F0B158 /* Main */,
				7B10C1EF1F0E1FE300F0B158 /* Toos */,
				7B10C1E81F0E1FE300F0B158 /* Login */,
				7B10C1ED1F0E1FE300F0B158 /* Resoure */,
			);
			path = Classes;
			sourceTree = "<group>";
		};
		7B10C1E61F0E1FE300F0B158 /* Frameworks */ = {
			isa = PBXGroup;
			children = (
				7B10C1F01F0E203800F0B158 /* IJKMediaFramework.framework */,
			);
			path = Frameworks;
			sourceTree = "<group>";
		};
		7B10C1E71F0E1FE300F0B158 /* Home */ = {
			isa = PBXGroup;
			children = (
				7B0BCE091F271E5B0003F37B /* Live */,
				7B0BCE0B1F271E5B0003F37B /* Web */,
				7B0BCE071F271E5B0003F37B /* Home */,
				7B0BCE061F271E5B0003F37B /* Care */,
				7B0BCE081F271E5B0003F37B /* Hot */,
				7B0BCE0A1F271E5B0003F37B /* New */,
			);
			path = Home;
			sourceTree = "<group>";
		};
		7B10C1E81F0E1FE300F0B158 /* Login */ = {
			isa = PBXGroup;
			children = (
				7BC9DEDA1F0F2AC8007AB4E0 /* Controller */,
				7BC9DED91F0F2AC6007AB4E0 /* View */,
			);
			path = Login;
			sourceTree = "<group>";
		};
		7B10C1E91F0E1FE300F0B158 /* Main */ = {
			isa = PBXGroup;
			children = (
				7BC9DEDB1F0F2B1F007AB4E0 /* MainViewController.h */,
				7BC9DEDC1F0F2B1F007AB4E0 /* MainViewController.m */,
				7BC9DEDE1F0F31D6007AB4E0 /* ALinNavigationController.h */,
				7BC9DEDF1F0F31D6007AB4E0 /* ALinNavigationController.m */,
			);
			path = Main;
			sourceTree = "<group>";
		};
		7B10C1EA1F0E1FE300F0B158 /* Network */ = {
			isa = PBXGroup;
			children = (
				7B10C1FF1F0E23F900F0B158 /* Reachability.h */,
				7B10C2001F0E23F900F0B158 /* Reachability.m */,
				7B10C2021F0E28E400F0B158 /* ALinNetworkTool.h */,
				7B10C2031F0E28E400F0B158 /* ALinNetworkTool.m */,
			);
			path = Network;
			sourceTree = "<group>";
		};
		7B10C1EB1F0E1FE300F0B158 /* Other */ = {
			isa = PBXGroup;
			children = (
				7B0BCE131F2721760003F37B /* ALinConstant.h */,
				7B0BCE141F2721760003F37B /* ALinConstant.m */,
			);
			path = Other;
			sourceTree = "<group>";
		};
		7B10C1EC1F0E1FE300F0B158 /* Profile */ = {
			isa = PBXGroup;
			children = (
				7B10C1FB1F0E23C100F0B158 /* Controller */,
			);
			path = Profile;
			sourceTree = "<group>";
		};
		7B10C1ED1F0E1FE300F0B158 /* Resoure */ = {
			isa = PBXGroup;
			children = (
				7B10C1F21F0E226B00F0B158 /* danmu.plist */,
				7B10C1F31F0E226B00F0B158 /* login_video.mp4 */,
				7B10C1F41F0E226B00F0B158 /* loginmovie.mp4 */,
				7B10C1F51F0E226B00F0B158 /* PrefixHeader.pch */,
				7B10C1F61F0E226B00F0B158 /* user.plist */,
			);
			path = Resoure;
			sourceTree = "<group>";
		};
		7B10C1EE1F0E1FE300F0B158 /* ShowTime */ = {
			isa = PBXGroup;
			children = (
			);
			path = ShowTime;
			sourceTree = "<group>";
		};
		7B10C1EF1F0E1FE300F0B158 /* Toos */ = {
			isa = PBXGroup;
			children = (
			);
			path = Toos;
			sourceTree = "<group>";
		};
		7B10C1FB1F0E23C100F0B158 /* Controller */ = {
			isa = PBXGroup;
			children = (
				7B10C1FC1F0E23DA00F0B158 /* ProfileController.h */,
				7B10C1FD1F0E23DA00F0B158 /* ProfileController.m */,
			);
			name = Controller;
			sourceTree = "<group>";
		};
		7BC9DED91F0F2AC6007AB4E0 /* View */ = {
			isa = PBXGroup;
			children = (
				7BC9DEE11F0F320A007AB4E0 /* ThirdLoginView.h */,
				7BC9DEE21F0F320A007AB4E0 /* ThirdLoginView.m */,
			);
			name = View;
			sourceTree = "<group>";
		};
		7BC9DEDA1F0F2AC8007AB4E0 /* Controller */ = {
			isa = PBXGroup;
			children = (
				7BC9DEE41F0F36BB007AB4E0 /* LoginViewController.h */,
				7BC9DEE51F0F36BB007AB4E0 /* LoginViewController.m */,
			);
			name = Controller;
			sourceTree = "<group>";
		};
		E32F68B65F5E436C9E9A5857 /* Frameworks */ = {
			isa = PBXGroup;
			children = (
				BC7C693381562A2E178364FD /* libPods-MiaoShow.a */,
			);
			name = Frameworks;
			sourceTree = "<group>";
		};
/* End PBXGroup section */

/* Begin PBXNativeTarget section */
		7B10C1AD1F0E1A8C00F0B158 /* MiaoShow */ = {
			isa = PBXNativeTarget;
			buildConfigurationList = 7B10C1DB1F0E1A8C00F0B158 /* Build configuration list for PBXNativeTarget "MiaoShow" */;
			buildPhases = (
				4C72AEE390091F5653C442BC /* [CP] Check Pods Manifest.lock */,
				7B10C1AA1F0E1A8C00F0B158 /* Sources */,
				7B10C1AB1F0E1A8C00F0B158 /* Frameworks */,
				7B10C1AC1F0E1A8C00F0B158 /* Resources */,
				E3A9F720278F22B7E11C091B /* [CP] Embed Pods Frameworks */,
				20B3ABFC54CD00F2392FDEF4 /* [CP] Copy Pods Resources */,
			);
			buildRules = (
			);
			dependencies = (
			);
			name = MiaoShow;
			productName = MiaoShow;
			productReference = 7B10C1AE1F0E1A8C00F0B158 /* MiaoShow.app */;
			productType = "com.apple.product-type.application";
		};
		7B10C1C61F0E1A8C00F0B158 /* MiaoShowTests */ = {
			isa = PBXNativeTarget;
			buildConfigurationList = 7B10C1DE1F0E1A8C00F0B158 /* Build configuration list for PBXNativeTarget "MiaoShowTests" */;
			buildPhases = (
				7B10C1C31F0E1A8C00F0B158 /* Sources */,
				7B10C1C41F0E1A8C00F0B158 /* Frameworks */,
				7B10C1C51F0E1A8C00F0B158 /* Resources */,
			);
			buildRules = (
			);
			dependencies = (
				7B10C1C91F0E1A8C00F0B158 /* PBXTargetDependency */,
			);
			name = MiaoShowTests;
			productName = MiaoShowTests;
			productReference = 7B10C1C71F0E1A8C00F0B158 /* MiaoShowTests.xctest */;
			productType = "com.apple.product-type.bundle.unit-test";
		};
		7B10C1D11F0E1A8C00F0B158 /* MiaoShowUITests */ = {
			isa = PBXNativeTarget;
			buildConfigurationList = 7B10C1E11F0E1A8C00F0B158 /* Build configuration list for PBXNativeTarget "MiaoShowUITests" */;
			buildPhases = (
				7B10C1CE1F0E1A8C00F0B158 /* Sources */,
				7B10C1CF1F0E1A8C00F0B158 /* Frameworks */,
				7B10C1D01F0E1A8C00F0B158 /* Resources */,
			);
			buildRules = (
			);
			dependencies = (
				7B10C1D41F0E1A8C00F0B158 /* PBXTargetDependency */,
			);
			name = MiaoShowUITests;
			productName = MiaoShowUITests;
			productReference = 7B10C1D21F0E1A8C00F0B158 /* MiaoShowUITests.xctest */;
			productType = "com.apple.product-type.bundle.ui-testing";
		};
/* End PBXNativeTarget section */

/* Begin PBXProject section */
		7B10C1A61F0E1A8C00F0B158 /* Project object */ = {
			isa = PBXProject;
			attributes = {
				LastUpgradeCheck = 0730;
				ORGANIZATIONNAME = cjw;
				TargetAttributes = {
					7B10C1AD1F0E1A8C00F0B158 = {
						CreatedOnToolsVersion = 7.3.1;
					};
					7B10C1C61F0E1A8C00F0B158 = {
						CreatedOnToolsVersion = 7.3.1;
						TestTargetID = 7B10C1AD1F0E1A8C00F0B158;
					};
					7B10C1D11F0E1A8C00F0B158 = {
						CreatedOnToolsVersion = 7.3.1;
						TestTargetID = 7B10C1AD1F0E1A8C00F0B158;
					};
				};
			};
			buildConfigurationList = 7B10C1A91F0E1A8C00F0B158 /* Build configuration list for PBXProject "MiaoShow" */;
			compatibilityVersion = "Xcode 3.2";
			developmentRegion = English;
			hasScannedForEncodings = 0;
			knownRegions = (
				en,
				Base,
			);
			mainGroup = 7B10C1A51F0E1A8C00F0B158;
			productRefGroup = 7B10C1AF1F0E1A8C00F0B158 /* Products */;
			projectDirPath = "";
			projectRoot = "";
			targets = (
				7B10C1AD1F0E1A8C00F0B158 /* MiaoShow */,
				7B10C1C61F0E1A8C00F0B158 /* MiaoShowTests */,
				7B10C1D11F0E1A8C00F0B158 /* MiaoShowUITests */,
			);
		};
/* End PBXProject section */

/* Begin PBXResourcesBuildPhase section */
		7B10C1AC1F0E1A8C00F0B158 /* Resources */ = {
			isa = PBXResourcesBuildPhase;
			buildActionMask = 2147483647;
			files = (
				7B10C1C11F0E1A8C00F0B158 /* LaunchScreen.storyboard in Resources */,
				7B10C1BE1F0E1A8C00F0B158 /* Assets.xcassets in Resources */,
				7B10C1F71F0E226B00F0B158 /* danmu.plist in Resources */,
				7B10C1F81F0E226B00F0B158 /* login_video.mp4 in Resources */,
				7B10C1FA1F0E226B00F0B158 /* user.plist in Resources */,
				7B10C1F91F0E226B00F0B158 /* loginmovie.mp4 in Resources */,
				7B10C1BC1F0E1A8C00F0B158 /* Main.storyboard in Resources */,
			);
			runOnlyForDeploymentPostprocessing = 0;
		};
		7B10C1C51F0E1A8C00F0B158 /* Resources */ = {
			isa = PBXResourcesBuildPhase;
			buildActionMask = 2147483647;
			files = (
			);
			runOnlyForDeploymentPostprocessing = 0;
		};
		7B10C1D01F0E1A8C00F0B158 /* Resources */ = {
			isa = PBXResourcesBuildPhase;
			buildActionMask = 2147483647;
			files = (
			);
			runOnlyForDeploymentPostprocessing = 0;
		};
/* End PBXResourcesBuildPhase section */

/* Begin PBXShellScriptBuildPhase section */
		20B3ABFC54CD00F2392FDEF4 /* [CP] Copy Pods Resources */ = {
			isa = PBXShellScriptBuildPhase;
			buildActionMask = 2147483647;
			files = (
			);
			inputPaths = (
			);
			name = "[CP] Copy Pods Resources";
			outputPaths = (
			);
			runOnlyForDeploymentPostprocessing = 0;
			shellPath = /bin/sh;
			shellScript = "\"${SRCROOT}/Pods/Target Support Files/Pods-MiaoShow/Pods-MiaoShow-resources.sh\"\n";
			showEnvVarsInLog = 0;
		};
		4C72AEE390091F5653C442BC /* [CP] Check Pods Manifest.lock */ = {
			isa = PBXShellScriptBuildPhase;
			buildActionMask = 2147483647;
			files = (
			);
			inputPaths = (
			);
			name = "[CP] Check Pods Manifest.lock";
			outputPaths = (
			);
			runOnlyForDeploymentPostprocessing = 0;
			shellPath = /bin/sh;
			shellScript = "diff \"${PODS_ROOT}/../Podfile.lock\" \"${PODS_ROOT}/Manifest.lock\" > /dev/null\nif [ $? != 0 ] ; then\n    # print error to STDERR\n    echo \"error: The sandbox is not in sync with the Podfile.lock. Run 'pod install' or update your CocoaPods installation.\" >&2\n    exit 1\nfi\n";
			showEnvVarsInLog = 0;
		};
		E3A9F720278F22B7E11C091B /* [CP] Embed Pods Frameworks */ = {
			isa = PBXShellScriptBuildPhase;
			buildActionMask = 2147483647;
			files = (
			);
			inputPaths = (
			);
			name = "[CP] Embed Pods Frameworks";
			outputPaths = (
			);
			runOnlyForDeploymentPostprocessing = 0;
			shellPath = /bin/sh;
			shellScript = "\"${SRCROOT}/Pods/Target Support Files/Pods-MiaoShow/Pods-MiaoShow-frameworks.sh\"\n";
			showEnvVarsInLog = 0;
		};
/* End PBXShellScriptBuildPhase section */

/* Begin PBXSourcesBuildPhase section */
		7B10C1AA1F0E1A8C00F0B158 /* Sources */ = {
			isa = PBXSourcesBuildPhase;
			buildActionMask = 2147483647;
			files = (
				7B10C2041F0E28E400F0B158 /* ALinNetworkTool.m in Sources */,
				7B10C1B91F0E1A8C00F0B158 /* ViewController.m in Sources */,
				7B10C1B61F0E1A8C00F0B158 /* AppDelegate.m in Sources */,
				7B10C1B31F0E1A8C00F0B158 /* main.m in Sources */,
				7BC9DEE61F0F36BB007AB4E0 /* LoginViewController.m in Sources */,
				7BC9DEDD1F0F2B1F007AB4E0 /* MainViewController.m in Sources */,
				7B0BCE121F271F3B0003F37B /* HomeViewController.m in Sources */,
				7BC9DEE01F0F31D6007AB4E0 /* ALinNavigationController.m in Sources */,
				7B10C1FE1F0E23DA00F0B158 /* ProfileController.m in Sources */,
				7BC9DEE31F0F320A007AB4E0 /* ThirdLoginView.m in Sources */,
				7B10C2011F0E23F900F0B158 /* Reachability.m in Sources */,
				7B0BCE151F2721760003F37B /* ALinConstant.m in Sources */,
			);
			runOnlyForDeploymentPostprocessing = 0;
		};
		7B10C1C31F0E1A8C00F0B158 /* Sources */ = {
			isa = PBXSourcesBuildPhase;
			buildActionMask = 2147483647;
			files = (
				7B10C1CC1F0E1A8C00F0B158 /* MiaoShowTests.m in Sources */,
			);
			runOnlyForDeploymentPostprocessing = 0;
		};
		7B10C1CE1F0E1A8C00F0B158 /* Sources */ = {
			isa = PBXSourcesBuildPhase;
			buildActionMask = 2147483647;
			files = (
				7B10C1D71F0E1A8C00F0B158 /* MiaoShowUITests.m in Sources */,
			);
			runOnlyForDeploymentPostprocessing = 0;
		};
/* End PBXSourcesBuildPhase section */

/* Begin PBXTargetDependency section */
		7B10C1C91F0E1A8C00F0B158 /* PBXTargetDependency */ = {
			isa = PBXTargetDependency;
			target = 7B10C1AD1F0E1A8C00F0B158 /* MiaoShow */;
			targetProxy = 7B10C1C81F0E1A8C00F0B158 /* PBXContainerItemProxy */;
		};
		7B10C1D41F0E1A8C00F0B158 /* PBXTargetDependency */ = {
			isa = PBXTargetDependency;
			target = 7B10C1AD1F0E1A8C00F0B158 /* MiaoShow */;
			targetProxy = 7B10C1D31F0E1A8C00F0B158 /* PBXContainerItemProxy */;
		};
/* End PBXTargetDependency section */

/* Begin PBXVariantGroup section */
		7B10C1BA1F0E1A8C00F0B158 /* Main.storyboard */ = {
			isa = PBXVariantGroup;
			children = (
				7B10C1BB1F0E1A8C00F0B158 /* Base */,
			);
			name = Main.storyboard;
			sourceTree = "<group>";
		};
		7B10C1BF1F0E1A8C00F0B158 /* LaunchScreen.storyboard */ = {
			isa = PBXVariantGroup;
			children = (
				7B10C1C01F0E1A8C00F0B158 /* Base */,
			);
			name = LaunchScreen.storyboard;
			sourceTree = "<group>";
		};
/* End PBXVariantGroup section */

/* Begin XCBuildConfiguration section */
		7B10C1D91F0E1A8C00F0B158 /* Debug */ = {
			isa = XCBuildConfiguration;
			buildSettings = {
				ALWAYS_SEARCH_USER_PATHS = NO;
				CLANG_ANALYZER_NONNULL = YES;
				CLANG_CXX_LANGUAGE_STANDARD = "gnu++0x";
				CLANG_CXX_LIBRARY = "libc++";
				CLANG_ENABLE_MODULES = YES;
				CLANG_ENABLE_OBJC_ARC = YES;
				CLANG_WARN_BOOL_CONVERSION = YES;
				CLANG_WARN_CONSTANT_CONVERSION = YES;
				CLANG_WARN_DIRECT_OBJC_ISA_USAGE = YES_ERROR;
				CLANG_WARN_EMPTY_BODY = YES;
				CLANG_WARN_ENUM_CONVERSION = YES;
				CLANG_WARN_INT_CONVERSION = YES;
				CLANG_WARN_OBJC_ROOT_CLASS = YES_ERROR;
				CLANG_WARN_UNREACHABLE_CODE = YES;
				CLANG_WARN__DUPLICATE_METHOD_MATCH = YES;
				"CODE_SIGN_IDENTITY[sdk=iphoneos*]" = "iPhone Developer";
				COPY_PHASE_STRIP = NO;
				DEBUG_INFORMATION_FORMAT = dwarf;
				ENABLE_STRICT_OBJC_MSGSEND = YES;
				ENABLE_TESTABILITY = YES;
				GCC_C_LANGUAGE_STANDARD = gnu99;
				GCC_DYNAMIC_NO_PIC = NO;
				GCC_NO_COMMON_BLOCKS = YES;
				GCC_OPTIMIZATION_LEVEL = 0;
				GCC_PREPROCESSOR_DEFINITIONS = (
					"DEBUG=1",
					"$(inherited)",
				);
				GCC_WARN_64_TO_32_BIT_CONVERSION = YES;
				GCC_WARN_ABOUT_RETURN_TYPE = YES_ERROR;
				GCC_WARN_UNDECLARED_SELECTOR = YES;
				GCC_WARN_UNINITIALIZED_AUTOS = YES_AGGRESSIVE;
				GCC_WARN_UNUSED_FUNCTION = YES;
				GCC_WARN_UNUSED_VARIABLE = YES;
				IPHONEOS_DEPLOYMENT_TARGET = 9.3;
				MTL_ENABLE_DEBUG_INFO = YES;
				ONLY_ACTIVE_ARCH = YES;
				SDKROOT = iphoneos;
				TARGETED_DEVICE_FAMILY = "1,2";
			};
			name = Debug;
		};
		7B10C1DA1F0E1A8C00F0B158 /* Release */ = {
			isa = XCBuildConfiguration;
			buildSettings = {
				ALWAYS_SEARCH_USER_PATHS = NO;
				CLANG_ANALYZER_NONNULL = YES;
				CLANG_CXX_LANGUAGE_STANDARD = "gnu++0x";
				CLANG_CXX_LIBRARY = "libc++";
				CLANG_ENABLE_MODULES = YES;
				CLANG_ENABLE_OBJC_ARC = YES;
				CLANG_WARN_BOOL_CONVERSION = YES;
				CLANG_WARN_CONSTANT_CONVERSION = YES;
				CLANG_WARN_DIRECT_OBJC_ISA_USAGE = YES_ERROR;
				CLANG_WARN_EMPTY_BODY = YES;
				CLANG_WARN_ENUM_CONVERSION = YES;
				CLANG_WARN_INT_CONVERSION = YES;
				CLANG_WARN_OBJC_ROOT_CLASS = YES_ERROR;
				CLANG_WARN_UNREACHABLE_CODE = YES;
				CLANG_WARN__DUPLICATE_METHOD_MATCH = YES;
				"CODE_SIGN_IDENTITY[sdk=iphoneos*]" = "iPhone Developer";
				COPY_PHASE_STRIP = NO;
				DEBUG_INFORMATION_FORMAT = "dwarf-with-dsym";
				ENABLE_NS_ASSERTIONS = NO;
				ENABLE_STRICT_OBJC_MSGSEND = YES;
				GCC_C_LANGUAGE_STANDARD = gnu99;
				GCC_NO_COMMON_BLOCKS = YES;
				GCC_WARN_64_TO_32_BIT_CONVERSION = YES;
				GCC_WARN_ABOUT_RETURN_TYPE = YES_ERROR;
				GCC_WARN_UNDECLARED_SELECTOR = YES;
				GCC_WARN_UNINITIALIZED_AUTOS = YES_AGGRESSIVE;
				GCC_WARN_UNUSED_FUNCTION = YES;
				GCC_WARN_UNUSED_VARIABLE = YES;
				IPHONEOS_DEPLOYMENT_TARGET = 9.3;
				MTL_ENABLE_DEBUG_INFO = NO;
				SDKROOT = iphoneos;
				TARGETED_DEVICE_FAMILY = "1,2";
				VALIDATE_PRODUCT = YES;
			};
			name = Release;
		};
		7B10C1DC1F0E1A8C00F0B158 /* Debug */ = {
			isa = XCBuildConfiguration;
			baseConfigurationReference = E68AFF53D80BD6B62082A6AA /* Pods-MiaoShow.debug.xcconfig */;
			buildSettings = {
				ASSETCATALOG_COMPILER_APPICON_NAME = AppIcon;
				FRAMEWORK_SEARCH_PATHS = (
					"$(inherited)",
					"$(PROJECT_DIR)/MiaoShow/Classes/Frameworks",
				);
				GCC_INCREASE_PRECOMPILED_HEADER_SHARING = YES;
				GCC_PREFIX_HEADER = /Users/apple/Documents/MiaoShow/MiaoShow/MiaoShow/Classes/Resoure/PrefixHeader.pch;
				INFOPLIST_FILE = MiaoShow/Info.plist;
				IPHONEOS_DEPLOYMENT_TARGET = 8.0;
				LD_RUNPATH_SEARCH_PATHS = "$(inherited) @executable_path/Frameworks";
				PRODUCT_BUNDLE_IDENTIFIER = com.objc.MiaoShow;
				PRODUCT_NAME = "$(TARGET_NAME)";
			};
			name = Debug;
		};
		7B10C1DD1F0E1A8C00F0B158 /* Release */ = {
			isa = XCBuildConfiguration;
			baseConfigurationReference = F0130D725907EEC0FB11255C /* Pods-MiaoShow.release.xcconfig */;
			buildSettings = {
				ASSETCATALOG_COMPILER_APPICON_NAME = AppIcon;
				FRAMEWORK_SEARCH_PATHS = (
					"$(inherited)",
					"$(PROJECT_DIR)/MiaoShow/Classes/Frameworks",
				);
				GCC_INCREASE_PRECOMPILED_HEADER_SHARING = YES;
				GCC_PREFIX_HEADER = /Users/apple/Documents/MiaoShow/MiaoShow/MiaoShow/Classes/Resoure/PrefixHeader.pch;
				INFOPLIST_FILE = MiaoShow/Info.plist;
				IPHONEOS_DEPLOYMENT_TARGET = 8.0;
				LD_RUNPATH_SEARCH_PATHS = "$(inherited) @executable_path/Frameworks";
				PRODUCT_BUNDLE_IDENTIFIER = com.objc.MiaoShow;
				PRODUCT_NAME = "$(TARGET_NAME)";
			};
			name = Release;
		};
		7B10C1DF1F0E1A8C00F0B158 /* Debug */ = {
			isa = XCBuildConfiguration;
			buildSettings = {
				BUNDLE_LOADER = "$(TEST_HOST)";
				INFOPLIST_FILE = MiaoShowTests/Info.plist;
				LD_RUNPATH_SEARCH_PATHS = "$(inherited) @executable_path/Frameworks @loader_path/Frameworks";
				PRODUCT_BUNDLE_IDENTIFIER = com.objc.MiaoShowTests;
				PRODUCT_NAME = "$(TARGET_NAME)";
				TEST_HOST = "$(BUILT_PRODUCTS_DIR)/MiaoShow.app/MiaoShow";
			};
			name = Debug;
		};
		7B10C1E01F0E1A8C00F0B158 /* Release */ = {
			isa = XCBuildConfiguration;
			buildSettings = {
				BUNDLE_LOADER = "$(TEST_HOST)";
				INFOPLIST_FILE = MiaoShowTests/Info.plist;
				LD_RUNPATH_SEARCH_PATHS = "$(inherited) @executable_path/Frameworks @loader_path/Frameworks";
				PRODUCT_BUNDLE_IDENTIFIER = com.objc.MiaoShowTests;
				PRODUCT_NAME = "$(TARGET_NAME)";
				TEST_HOST = "$(BUILT_PRODUCTS_DIR)/MiaoShow.app/MiaoShow";
			};
			name = Release;
		};
		7B10C1E21F0E1A8C00F0B158 /* Debug */ = {
			isa = XCBuildConfiguration;
			buildSettings = {
				INFOPLIST_FILE = MiaoShowUITests/Info.plist;
				LD_RUNPATH_SEARCH_PATHS = "$(inherited) @executable_path/Frameworks @loader_path/Frameworks";
				PRODUCT_BUNDLE_IDENTIFIER = com.objc.MiaoShowUITests;
				PRODUCT_NAME = "$(TARGET_NAME)";
				TEST_TARGET_NAME = MiaoShow;
			};
			name = Debug;
		};
		7B10C1E31F0E1A8C00F0B158 /* Release */ = {
			isa = XCBuildConfiguration;
			buildSettings = {
				INFOPLIST_FILE = MiaoShowUITests/Info.plist;
				LD_RUNPATH_SEARCH_PATHS = "$(inherited) @executable_path/Frameworks @loader_path/Frameworks";
				PRODUCT_BUNDLE_IDENTIFIER = com.objc.MiaoShowUITests;
				PRODUCT_NAME = "$(TARGET_NAME)";
				TEST_TARGET_NAME = MiaoShow;
			};
			name = Release;
		};
/* End XCBuildConfiguration section */

/* Begin XCConfigurationList section */
		7B10C1A91F0E1A8C00F0B158 /* Build configuration list for PBXProject "MiaoShow" */ = {
			isa = XCConfigurationList;
			buildConfigurations = (
				7B10C1D91F0E1A8C00F0B158 /* Debug */,
				7B10C1DA1F0E1A8C00F0B158 /* Release */,
			);
			defaultConfigurationIsVisible = 0;
			defaultConfigurationName = Release;
		};
		7B10C1DB1F0E1A8C00F0B158 /* Build configuration list for PBXNativeTarget "MiaoShow" */ = {
			isa = XCConfigurationList;
			buildConfigurations = (
				7B10C1DC1F0E1A8C00F0B158 /* Debug */,
				7B10C1DD1F0E1A8C00F0B158 /* Release */,
			);
			defaultConfigurationIsVisible = 0;
			defaultConfigurationName = Release;
		};
		7B10C1DE1F0E1A8C00F0B158 /* Build configuration list for PBXNativeTarget "MiaoShowTests" */ = {
			isa = XCConfigurationList;
			buildConfigurations = (
				7B10C1DF1F0E1A8C00F0B158 /* Debug */,
				7B10C1E01F0E1A8C00F0B158 /* Release */,
			);
			defaultConfigurationIsVisible = 0;
			defaultConfigurationName = Release;
		};
		7B10C1E11F0E1A8C00F0B158 /* Build configuration list for PBXNativeTarget "MiaoShowUITests" */ = {
			isa = XCConfigurationList;
			buildConfigurations = (
				7B10C1E21F0E1A8C00F0B158 /* Debug */,
				7B10C1E31F0E1A8C00F0B158 /* Release */,
			);
			defaultConfigurationIsVisible = 0;
			defaultConfigurationName = Release;
		};
/* End XCConfigurationList section */
	};
	rootObject = 7B10C1A61F0E1A8C00F0B158 /* Project object */;
}
